
Microsoft Visual Studio Solution File, Format Version 12.00
# Visual Studio Version 17
VisualStudioVersion = 17.2.32630.192
MinimumVisualStudioVersion = 10.0.40219.1
Project("{FAE04EC0-301F-11D3-BF4B-00C04F79EFBC}") = "EstacionaBem", "EstacionaBem\EstacionaBem.csproj", "{47D4E901-39EB-45AA-AC11-B25D9CCE0E5B}"
EndProject
Global
	GlobalSection(SolutionConfigurationPlatforms) = preSolution
		Debug|Any CPU = Debug|Any CPU
		Release|Any CPU = Release|Any CPU
	EndGlobalSection
	GlobalSection(ProjectConfigurationPlatforms) = postSolution
		{47D4E901-39EB-45AA-AC11-B25D9CCE0E5B}.Debug|Any CPU.ActiveCfg = Debug|Any CPU
		{47D4E901-39EB-45AA-AC11-B25D9CCE0E5B}.Debug|Any CPU.Build.0 = Debug|Any CPU
		{47D4E901-39EB-45AA-AC11-B25D9CCE0E5B}.Release|Any CPU.ActiveCfg = Release|Any CPU
		{47D4E901-39EB-45AA-AC11-B25D9CCE0E5B}.Release|Any CPU.Build.0 = Release|Any CPU
	EndGlobalSection
	GlobalSection(SolutionProperties) = preSolution
		HideSolutionNode = FALSE
	EndGlobalSection
	GlobalSection(ExtensibilityGlobals) = postSolution
		SolutionGuid = {0D51D78C-0A3D-486E-B443-27D3671A9CEB}
	EndGlobalSection
EndGlobal
